
Microsoft Visual Studio Solution File, Format Version 12.00
# Visual Studio Version 17
VisualStudioVersion = 17.5.002.0
MinimumVisualStudioVersion = 10.0.40219.1
Project("{9A19103F-16F7-4668-BE54-9A1E7A4F7556}") = "MYcourse", "MYcourse.csproj", "{742BCF81-2D2B-4C00-9A0F-D96E9C20CCA0}"
EndProject
Global
	GlobalSection(SolutionConfigurationPlatforms) = preSolution
		Debug|Any CPU = Debug|Any CPU
		Release|Any CPU = Release|Any CPU
	EndGlobalSection
	GlobalSection(ProjectConfigurationPlatforms) = postSolution
		{742BCF81-2D2B-4C00-9A0F-D96E9C20CCA0}.Debug|Any CPU.ActiveCfg = Debug|Any CPU
		{742BCF81-2D2B-4C00-9A0F-D96E9C20CCA0}.Debug|Any CPU.Build.0 = Debug|Any CPU
		{742BCF81-2D2B-4C00-9A0F-D96E9C20CCA0}.Release|Any CPU.ActiveCfg = Release|Any CPU
		{742BCF81-2D2B-4C00-9A0F-D96E9C20CCA0}.Release|Any CPU.Build.0 = Release|Any CPU
	EndGlobalSection
	GlobalSection(SolutionProperties) = preSolution
		HideSolutionNode = FALSE
	EndGlobalSection
	GlobalSection(ExtensibilityGlobals) = postSolution
		SolutionGuid = {62BBFA34-4BDD-4025-9D76-9918A90BBDFF}
	EndGlobalSection
EndGlobal
